
Microsoft Visual Studio Solution File, Format Version 12.00
# Visual Studio 2012
Project("{8BC9CEB8-8B4A-11D0-8D11-00A0C91BC942}") = "Project1", "Project1\Project1.vcxproj", "{EBF8508E-40A5-4C01-A9B8-77AFFBCF169D}"
EndProject
Project("{2150E333-8FDC-42A3-9474-1A3956D46DE8}") = "Solution Items", "Solution Items", "{75A79E5E-CE02-495E-A160-E16560AA2A20}"
	ProjectSection(SolutionItems) = preProject
		Shaders\simpleFragmentShader.txt = Shaders\simpleFragmentShader.txt
		Shaders\simpleVertexShader.txt = Shaders\simpleVertexShader.txt
	EndProjectSection
EndProject
Global
	GlobalSection(SolutionConfigurationPlatforms) = preSolution
		Debug|Win32 = Debug|Win32
		Release|Win32 = Release|Win32
	EndGlobalSection
	GlobalSection(ProjectConfigurationPlatforms) = postSolution
		{EBF8508E-40A5-4C01-A9B8-77AFFBCF169D}.Debug|Win32.ActiveCfg = Debug|Win32
		{EBF8508E-40A5-4C01-A9B8-77AFFBCF169D}.Debug|Win32.Build.0 = Debug|Win32
		{EBF8508E-40A5-4C01-A9B8-77AFFBCF169D}.Release|Win32.ActiveCfg = Release|Win32
		{EBF8508E-40A5-4C01-A9B8-77AFFBCF169D}.Release|Win32.Build.0 = Release|Win32
	EndGlobalSection
	GlobalSection(SolutionProperties) = preSolution
		HideSolutionNode = FALSE
	EndGlobalSection
EndGlobal
